
Microsoft Visual Studio Solution File, Format Version 12.00
# Visual Studio Version 16
VisualStudioVersion = 16.0.28803.352
MinimumVisualStudioVersion = 10.0.40219.1
Project("{FAE04EC0-301F-11D3-BF4B-00C04F79EFBC}") = "Razor", "Razor\Razor.csproj", "{A302750D-5104-4E13-A7AF-A470888BE519}"
EndProject
Global
	GlobalSection(SolutionConfigurationPlatforms) = preSolution
		Debug|Any CPU = Debug|Any CPU
		Release|Any CPU = Release|Any CPU
	EndGlobalSection
	GlobalSection(ProjectConfigurationPlatforms) = postSolution
		{A302750D-5104-4E13-A7AF-A470888BE519}.Debug|Any CPU.ActiveCfg = Debug|Any CPU
		{A302750D-5104-4E13-A7AF-A470888BE519}.Debug|Any CPU.Build.0 = Debug|Any CPU
		{A302750D-5104-4E13-A7AF-A470888BE519}.Release|Any CPU.ActiveCfg = Release|Any CPU
		{A302750D-5104-4E13-A7AF-A470888BE519}.Release|Any CPU.Build.0 = Release|Any CPU
	EndGlobalSection
	GlobalSection(SolutionProperties) = preSolution
		HideSolutionNode = FALSE
	EndGlobalSection
	GlobalSection(ExtensibilityGlobals) = postSolution
		SolutionGuid = {9DC4D082-C659-44B7-9469-EDDAD42A5E4F}
	EndGlobalSection
EndGlobal
