
Microsoft Visual Studio Solution File, Format Version 12.00
# Visual Studio 15
VisualStudioVersion = 15.0.28307.645
MinimumVisualStudioVersion = 10.0.40219.1
Project("{FAE04EC0-301F-11D3-BF4B-00C04F79EFBC}") = "OnlineShop", "OnlineShop\OnlineShop.csproj", "{B5E323A9-D362-40F5-9390-AC76275918BB}"
EndProject
Global
	GlobalSection(SolutionConfigurationPlatforms) = preSolution
		Debug|Any CPU = Debug|Any CPU
		Release|Any CPU = Release|Any CPU
	EndGlobalSection
	GlobalSection(ProjectConfigurationPlatforms) = postSolution
		{B5E323A9-D362-40F5-9390-AC76275918BB}.Debug|Any CPU.ActiveCfg = Debug|Any CPU
		{B5E323A9-D362-40F5-9390-AC76275918BB}.Debug|Any CPU.Build.0 = Debug|Any CPU
		{B5E323A9-D362-40F5-9390-AC76275918BB}.Release|Any CPU.ActiveCfg = Release|Any CPU
		{B5E323A9-D362-40F5-9390-AC76275918BB}.Release|Any CPU.Build.0 = Release|Any CPU
	EndGlobalSection
	GlobalSection(SolutionProperties) = preSolution
		HideSolutionNode = FALSE
	EndGlobalSection
	GlobalSection(ExtensibilityGlobals) = postSolution
		SolutionGuid = {6271FF72-67DA-4C47-AB6D-4586B66C25A1}
	EndGlobalSection
EndGlobal
