
Microsoft Visual Studio Solution File, Format Version 12.00
# Visual Studio Version 16
VisualStudioVersion = 16.0.29123.88
MinimumVisualStudioVersion = 10.0.40219.1
Project("{9A19103F-16F7-4668-BE54-9A1E7A4F7556}") = "Martial", "Martial\Martial.csproj", "{5E734610-9361-47E8-871E-F8E30B833ED0}"
EndProject
Global
	GlobalSection(SolutionConfigurationPlatforms) = preSolution
		Debug|Any CPU = Debug|Any CPU
		Release|Any CPU = Release|Any CPU
	EndGlobalSection
	GlobalSection(ProjectConfigurationPlatforms) = postSolution
		{5E734610-9361-47E8-871E-F8E30B833ED0}.Debug|Any CPU.ActiveCfg = Debug|Any CPU
		{5E734610-9361-47E8-871E-F8E30B833ED0}.Debug|Any CPU.Build.0 = Debug|Any CPU
		{5E734610-9361-47E8-871E-F8E30B833ED0}.Release|Any CPU.ActiveCfg = Release|Any CPU
		{5E734610-9361-47E8-871E-F8E30B833ED0}.Release|Any CPU.Build.0 = Release|Any CPU
	EndGlobalSection
	GlobalSection(SolutionProperties) = preSolution
		HideSolutionNode = FALSE
	EndGlobalSection
	GlobalSection(ExtensibilityGlobals) = postSolution
		SolutionGuid = {7C5BCC6E-2E4A-43BE-8493-0A2064022C31}
	EndGlobalSection
EndGlobal
